
Microsoft Visual Studio Solution File, Format Version 12.00
# Visual Studio Version 16
VisualStudioVersion = 16.0.30611.23
MinimumVisualStudioVersion = 10.0.40219.1
Project("{FAE04EC0-301F-11D3-BF4B-00C04F79EFBC}") = "dockerdemo2webapp", "dockerdemo2webapp\dockerdemo2webapp.csproj", "{8FAE9CD3-7C7B-4428-8386-9323E49595C8}"
EndProject
Global
	GlobalSection(SolutionConfigurationPlatforms) = preSolution
		Debug|Any CPU = Debug|Any CPU
		Release|Any CPU = Release|Any CPU
	EndGlobalSection
	GlobalSection(ProjectConfigurationPlatforms) = postSolution
		{8FAE9CD3-7C7B-4428-8386-9323E49595C8}.Debug|Any CPU.ActiveCfg = Debug|Any CPU
		{8FAE9CD3-7C7B-4428-8386-9323E49595C8}.Debug|Any CPU.Build.0 = Debug|Any CPU
		{8FAE9CD3-7C7B-4428-8386-9323E49595C8}.Release|Any CPU.ActiveCfg = Release|Any CPU
		{8FAE9CD3-7C7B-4428-8386-9323E49595C8}.Release|Any CPU.Build.0 = Release|Any CPU
	EndGlobalSection
	GlobalSection(SolutionProperties) = preSolution
		HideSolutionNode = FALSE
	EndGlobalSection
	GlobalSection(ExtensibilityGlobals) = postSolution
		SolutionGuid = {69FD7C4A-6077-4A96-9336-19E397CA6FA8}
	EndGlobalSection
EndGlobal
